
Microsoft Visual Studio Solution File, Format Version 12.00
# Visual Studio Version 17
VisualStudioVersion = 17.10.34928.147
MinimumVisualStudioVersion = 10.0.40219.1
Project("{9A19103F-16F7-4668-BE54-9A1E7A4F7556}") = "Project", "CMS\Project.csproj", "{C987C66F-6F8C-4971-ABCC-9DFA8382648E}"
EndProject
Project("{9A19103F-16F7-4668-BE54-9A1E7A4F7556}") = "FilmRecommender", "DSS\FilmRecommender.csproj", "{E3A71B7B-1A5F-4C8C-AA50-EC06F99CD02E}"
EndProject
Global
	GlobalSection(SolutionConfigurationPlatforms) = preSolution
		Debug|Any CPU = Debug|Any CPU
		Release|Any CPU = Release|Any CPU
	EndGlobalSection
	GlobalSection(ProjectConfigurationPlatforms) = postSolution
		{C987C66F-6F8C-4971-ABCC-9DFA8382648E}.Debug|Any CPU.ActiveCfg = Debug|Any CPU
		{C987C66F-6F8C-4971-ABCC-9DFA8382648E}.Debug|Any CPU.Build.0 = Debug|Any CPU
		{C987C66F-6F8C-4971-ABCC-9DFA8382648E}.Release|Any CPU.ActiveCfg = Release|Any CPU
		{C987C66F-6F8C-4971-ABCC-9DFA8382648E}.Release|Any CPU.Build.0 = Release|Any CPU
		{E3A71B7B-1A5F-4C8C-AA50-EC06F99CD02E}.Debug|Any CPU.ActiveCfg = Debug|Any CPU
		{E3A71B7B-1A5F-4C8C-AA50-EC06F99CD02E}.Debug|Any CPU.Build.0 = Debug|Any CPU
		{E3A71B7B-1A5F-4C8C-AA50-EC06F99CD02E}.Release|Any CPU.ActiveCfg = Release|Any CPU
		{E3A71B7B-1A5F-4C8C-AA50-EC06F99CD02E}.Release|Any CPU.Build.0 = Release|Any CPU
	EndGlobalSection
	GlobalSection(SolutionProperties) = preSolution
		HideSolutionNode = FALSE
	EndGlobalSection
	GlobalSection(ExtensibilityGlobals) = postSolution
		SolutionGuid = {9B2A2F35-F0E9-4E6B-BFF2-80528778B767}
	EndGlobalSection
EndGlobal
